
Microsoft Visual Studio Solution File, Format Version 12.00
# Visual Studio Version 17
VisualStudioVersion = 17.11.35201.85
MinimumVisualStudioVersion = 10.0.40219.1
Project("{FAE04EC0-301F-11D3-BF4B-00C04F79EFBC}") = "WhaterForecast", "WhaterForecast\WhaterForecast.csproj", "{869B58F1-4FDC-4966-9E34-90592A2DFA61}"
EndProject
Global
	GlobalSection(SolutionConfigurationPlatforms) = preSolution
		Debug|Any CPU = Debug|Any CPU
		Release|Any CPU = Release|Any CPU
	EndGlobalSection
	GlobalSection(ProjectConfigurationPlatforms) = postSolution
		{869B58F1-4FDC-4966-9E34-90592A2DFA61}.Debug|Any CPU.ActiveCfg = Debug|Any CPU
		{869B58F1-4FDC-4966-9E34-90592A2DFA61}.Debug|Any CPU.Build.0 = Debug|Any CPU
		{869B58F1-4FDC-4966-9E34-90592A2DFA61}.Release|Any CPU.ActiveCfg = Release|Any CPU
		{869B58F1-4FDC-4966-9E34-90592A2DFA61}.Release|Any CPU.Build.0 = Release|Any CPU
	EndGlobalSection
	GlobalSection(SolutionProperties) = preSolution
		HideSolutionNode = FALSE
	EndGlobalSection
	GlobalSection(ExtensibilityGlobals) = postSolution
		SolutionGuid = {248A177B-070A-4C9F-AC24-883C42A1F29C}
	EndGlobalSection
EndGlobal
